{
  "name": "frontend",
  "lockfileVersion": 3,
  "requires": true,
  "packages": {
    "": {
      "dependencies": {
        "candidate-frontend": "file:.."
      }
    },
    "..": {
      "name": "candidate-frontend",
      "version": "1.0.0",
      "dependencies": {
        "react": "^18.2.0",
        "react-dom": "^18.2.0"
      },
      "devDependencies": {
        "@vitejs/plugin-react": "^4.2.1",
        "vite": "^5.4.8"
      }
    },
    "node_modules/candidate-frontend": {
      "resolved": "..",
      "link": true
    }
  }
}
